
Microsoft Visual Studio Solution File, Format Version 12.00
# Visual Studio 15
VisualStudioVersion = 15.0.28307.1000
MinimumVisualStudioVersion = 10.0.40219.1
Project("{FAE04EC0-301F-11D3-BF4B-00C04F79EFBC}") = "Eclipse.UI.Tests", "Eclipse.UI.Tests\Eclipse.UI.Tests.csproj", "{91A0DFF4-A194-44BD-B63A-55981FC070F1}"
EndProject
Global
	GlobalSection(SolutionConfigurationPlatforms) = preSolution
		Debug|Any CPU = Debug|Any CPU
		Release|Any CPU = Release|Any CPU
	EndGlobalSection
	GlobalSection(ProjectConfigurationPlatforms) = postSolution
		{91A0DFF4-A194-44BD-B63A-55981FC070F1}.Debug|Any CPU.ActiveCfg = Debug|Any CPU
		{91A0DFF4-A194-44BD-B63A-55981FC070F1}.Debug|Any CPU.Build.0 = Debug|Any CPU
		{91A0DFF4-A194-44BD-B63A-55981FC070F1}.Release|Any CPU.ActiveCfg = Release|Any CPU
		{91A0DFF4-A194-44BD-B63A-55981FC070F1}.Release|Any CPU.Build.0 = Release|Any CPU
	EndGlobalSection
	GlobalSection(SolutionProperties) = preSolution
		HideSolutionNode = FALSE
	EndGlobalSection
	GlobalSection(ExtensibilityGlobals) = postSolution
		SolutionGuid = {0100D993-56F0-47F1-B726-00D5993F4D39}
	EndGlobalSection
EndGlobal
